
Microsoft Visual Studio Solution File, Format Version 12.00
# Visual Studio Version 17
VisualStudioVersion = 17.6.33829.357
MinimumVisualStudioVersion = 10.0.40219.1
Project("{FAE04EC0-301F-11D3-BF4B-00C04F79EFBC}") = "Task1", "Task1\Task1.csproj", "{C3E687C0-E173-4E04-A5DD-62C95DDBE3EA}"
EndProject
Project("{FAE04EC0-301F-11D3-BF4B-00C04F79EFBC}") = "Task2.ConsoleGameXO", "Task2.ConsoleGameXO\Task2.ConsoleGameXO.csproj", "{D978A7A9-BC34-4509-9929-5FBC133B07D8}"
EndProject
Project("{FAE04EC0-301F-11D3-BF4B-00C04F79EFBC}") = "Task3.PhoneBook", "Task3.PhoneBook\Task3.PhoneBook.csproj", "{DCE9D915-E539-45A8-8C12-2F6D41D72FF5}"
EndProject
Project("{FAE04EC0-301F-11D3-BF4B-00C04F79EFBC}") = "Task5.Exception", "Task5.Exception\Task5.Exception.csproj", "{DE1353CD-2AC5-4590-A95A-0B1AECF3A205}"
EndProject
Global
	GlobalSection(SolutionConfigurationPlatforms) = preSolution
		Debug|Any CPU = Debug|Any CPU
		Release|Any CPU = Release|Any CPU
	EndGlobalSection
	GlobalSection(ProjectConfigurationPlatforms) = postSolution
		{C3E687C0-E173-4E04-A5DD-62C95DDBE3EA}.Debug|Any CPU.ActiveCfg = Debug|Any CPU
		{C3E687C0-E173-4E04-A5DD-62C95DDBE3EA}.Debug|Any CPU.Build.0 = Debug|Any CPU
		{C3E687C0-E173-4E04-A5DD-62C95DDBE3EA}.Release|Any CPU.ActiveCfg = Release|Any CPU
		{C3E687C0-E173-4E04-A5DD-62C95DDBE3EA}.Release|Any CPU.Build.0 = Release|Any CPU
		{D978A7A9-BC34-4509-9929-5FBC133B07D8}.Debug|Any CPU.ActiveCfg = Debug|Any CPU
		{D978A7A9-BC34-4509-9929-5FBC133B07D8}.Debug|Any CPU.Build.0 = Debug|Any CPU
		{D978A7A9-BC34-4509-9929-5FBC133B07D8}.Release|Any CPU.ActiveCfg = Release|Any CPU
		{D978A7A9-BC34-4509-9929-5FBC133B07D8}.Release|Any CPU.Build.0 = Release|Any CPU
		{DCE9D915-E539-45A8-8C12-2F6D41D72FF5}.Debug|Any CPU.ActiveCfg = Debug|Any CPU
		{DCE9D915-E539-45A8-8C12-2F6D41D72FF5}.Debug|Any CPU.Build.0 = Debug|Any CPU
		{DCE9D915-E539-45A8-8C12-2F6D41D72FF5}.Release|Any CPU.ActiveCfg = Release|Any CPU
		{DCE9D915-E539-45A8-8C12-2F6D41D72FF5}.Release|Any CPU.Build.0 = Release|Any CPU
		{DE1353CD-2AC5-4590-A95A-0B1AECF3A205}.Debug|Any CPU.ActiveCfg = Debug|Any CPU
		{DE1353CD-2AC5-4590-A95A-0B1AECF3A205}.Debug|Any CPU.Build.0 = Debug|Any CPU
		{DE1353CD-2AC5-4590-A95A-0B1AECF3A205}.Release|Any CPU.ActiveCfg = Release|Any CPU
		{DE1353CD-2AC5-4590-A95A-0B1AECF3A205}.Release|Any CPU.Build.0 = Release|Any CPU
	EndGlobalSection
	GlobalSection(SolutionProperties) = preSolution
		HideSolutionNode = FALSE
	EndGlobalSection
	GlobalSection(ExtensibilityGlobals) = postSolution
		SolutionGuid = {032C64A3-D6EA-4F53-9C43-AF487B42978A}
	EndGlobalSection
EndGlobal
